
Microsoft Visual Studio Solution File, Format Version 12.00
# Visual Studio Version 17
VisualStudioVersion = 17.11.35222.181
MinimumVisualStudioVersion = 10.0.40219.1
Project("{FAE04EC0-301F-11D3-BF4B-00C04F79EFBC}") = "GestaoBiblioteca", "GestaoBiblioteca\GestaoBiblioteca.csproj", "{66F0AAE4-CF99-4B74-AA40-F2D8DB4C1C5E}"
EndProject
Global
	GlobalSection(SolutionConfigurationPlatforms) = preSolution
		Debug|Any CPU = Debug|Any CPU
		Release|Any CPU = Release|Any CPU
	EndGlobalSection
	GlobalSection(ProjectConfigurationPlatforms) = postSolution
		{66F0AAE4-CF99-4B74-AA40-F2D8DB4C1C5E}.Debug|Any CPU.ActiveCfg = Debug|Any CPU
		{66F0AAE4-CF99-4B74-AA40-F2D8DB4C1C5E}.Debug|Any CPU.Build.0 = Debug|Any CPU
		{66F0AAE4-CF99-4B74-AA40-F2D8DB4C1C5E}.Release|Any CPU.ActiveCfg = Release|Any CPU
		{66F0AAE4-CF99-4B74-AA40-F2D8DB4C1C5E}.Release|Any CPU.Build.0 = Release|Any CPU
	EndGlobalSection
	GlobalSection(SolutionProperties) = preSolution
		HideSolutionNode = FALSE
	EndGlobalSection
	GlobalSection(ExtensibilityGlobals) = postSolution
		SolutionGuid = {37C35264-7001-4771-A09A-88D179895675}
	EndGlobalSection
EndGlobal
